
Microsoft Visual Studio Solution File, Format Version 12.00
# Visual Studio Version 17
VisualStudioVersion = 17.6.33815.320
MinimumVisualStudioVersion = 10.0.40219.1
Project("{9A19103F-16F7-4668-BE54-9A1E7A4F7556}") = "Task.domain", "Task.domain\Task.domain.csproj", "{C1B0EB54-067F-4F6D-A9B0-EC739EA1A34F}"
EndProject
Project("{9A19103F-16F7-4668-BE54-9A1E7A4F7556}") = "Task.Application", "Task.Application\Task.Application.csproj", "{62EFB24C-059B-4AB3-AD39-CD172D53B45A}"
EndProject
Project("{2150E333-8FDC-42A3-9474-1A3956D46DE8}") = "Tasks", "Tasks", "{DEEB6020-4DBF-4D0F-9057-AA6697F158F7}"
EndProject
Project("{9A19103F-16F7-4668-BE54-9A1E7A4F7556}") = "Task.InfraData", "Task.InfraData\Task.InfraData.csproj", "{FD677D55-D72B-4489-836D-76395CC6DD21}"
EndProject
Project("{9A19103F-16F7-4668-BE54-9A1E7A4F7556}") = "Task.InfraIoc", "Task.InfraIoc\Task.InfraIoc.csproj", "{E4A444EE-DD8F-4EC7-B408-24373D80AF45}"
EndProject
Project("{9A19103F-16F7-4668-BE54-9A1E7A4F7556}") = "WebTasks", "..\..\WebTasks\WebTasks\WebTasks.csproj", "{9F181879-4F63-4559-AAFD-4FD5C834E48D}"
	ProjectSection(ProjectDependencies) = postProject
		{62EFB24C-059B-4AB3-AD39-CD172D53B45A} = {62EFB24C-059B-4AB3-AD39-CD172D53B45A}
		{FD677D55-D72B-4489-836D-76395CC6DD21} = {FD677D55-D72B-4489-836D-76395CC6DD21}
	EndProjectSection
EndProject
Project("{2150E333-8FDC-42A3-9474-1A3956D46DE8}") = "Sender", "Sender", "{0DD8C85E-462E-4A77-BC87-CB8D7DA299C0}"
EndProject
Project("{9A19103F-16F7-4668-BE54-9A1E7A4F7556}") = "Sender.Domain", "Sender.Domain\Sender.Domain.csproj", "{493D0106-3662-4858-A3D0-6161715A0489}"
EndProject
Project("{9A19103F-16F7-4668-BE54-9A1E7A4F7556}") = "Sender.InfraData", "Sender.InfraData\Sender.InfraData.csproj", "{2A3121EE-2747-41F1-92D9-09E03419A23F}"
EndProject
Project("{9A19103F-16F7-4668-BE54-9A1E7A4F7556}") = "Sender.InfraIoc", "Sender.InfraIoc\Sender.InfraIoc.csproj", "{D18BC8CC-5B95-4CB0-BC85-2C34579AFC5C}"
EndProject
Project("{9A19103F-16F7-4668-BE54-9A1E7A4F7556}") = "Sender.Application", "Sender.Application\Sender.Application.csproj", "{C0B23B7B-93D4-4B62-B613-E5358391DD92}"
EndProject
Project("{FAE04EC0-301F-11D3-BF4B-00C04F79EFBC}") = "RabbitMessages", "RabbitMessages\RabbitMessages.csproj", "{333AD33D-70D5-4628-833A-A87CCB7A80BA}"
EndProject
Global
	GlobalSection(SolutionConfigurationPlatforms) = preSolution
		Debug|Any CPU = Debug|Any CPU
		Release|Any CPU = Release|Any CPU
	EndGlobalSection
	GlobalSection(ProjectConfigurationPlatforms) = postSolution
		{C1B0EB54-067F-4F6D-A9B0-EC739EA1A34F}.Debug|Any CPU.ActiveCfg = Debug|Any CPU
		{C1B0EB54-067F-4F6D-A9B0-EC739EA1A34F}.Debug|Any CPU.Build.0 = Debug|Any CPU
		{C1B0EB54-067F-4F6D-A9B0-EC739EA1A34F}.Release|Any CPU.ActiveCfg = Release|Any CPU
		{C1B0EB54-067F-4F6D-A9B0-EC739EA1A34F}.Release|Any CPU.Build.0 = Release|Any CPU
		{62EFB24C-059B-4AB3-AD39-CD172D53B45A}.Debug|Any CPU.ActiveCfg = Debug|Any CPU
		{62EFB24C-059B-4AB3-AD39-CD172D53B45A}.Debug|Any CPU.Build.0 = Debug|Any CPU
		{62EFB24C-059B-4AB3-AD39-CD172D53B45A}.Release|Any CPU.ActiveCfg = Release|Any CPU
		{62EFB24C-059B-4AB3-AD39-CD172D53B45A}.Release|Any CPU.Build.0 = Release|Any CPU
		{FD677D55-D72B-4489-836D-76395CC6DD21}.Debug|Any CPU.ActiveCfg = Debug|Any CPU
		{FD677D55-D72B-4489-836D-76395CC6DD21}.Debug|Any CPU.Build.0 = Debug|Any CPU
		{FD677D55-D72B-4489-836D-76395CC6DD21}.Release|Any CPU.ActiveCfg = Release|Any CPU
		{FD677D55-D72B-4489-836D-76395CC6DD21}.Release|Any CPU.Build.0 = Release|Any CPU
		{E4A444EE-DD8F-4EC7-B408-24373D80AF45}.Debug|Any CPU.ActiveCfg = Debug|Any CPU
		{E4A444EE-DD8F-4EC7-B408-24373D80AF45}.Debug|Any CPU.Build.0 = Debug|Any CPU
		{E4A444EE-DD8F-4EC7-B408-24373D80AF45}.Release|Any CPU.ActiveCfg = Release|Any CPU
		{E4A444EE-DD8F-4EC7-B408-24373D80AF45}.Release|Any CPU.Build.0 = Release|Any CPU
		{9F181879-4F63-4559-AAFD-4FD5C834E48D}.Debug|Any CPU.ActiveCfg = Debug|Any CPU
		{9F181879-4F63-4559-AAFD-4FD5C834E48D}.Debug|Any CPU.Build.0 = Debug|Any CPU
		{9F181879-4F63-4559-AAFD-4FD5C834E48D}.Release|Any CPU.ActiveCfg = Release|Any CPU
		{9F181879-4F63-4559-AAFD-4FD5C834E48D}.Release|Any CPU.Build.0 = Release|Any CPU
		{493D0106-3662-4858-A3D0-6161715A0489}.Debug|Any CPU.ActiveCfg = Debug|Any CPU
		{493D0106-3662-4858-A3D0-6161715A0489}.Debug|Any CPU.Build.0 = Debug|Any CPU
		{493D0106-3662-4858-A3D0-6161715A0489}.Release|Any CPU.ActiveCfg = Release|Any CPU
		{493D0106-3662-4858-A3D0-6161715A0489}.Release|Any CPU.Build.0 = Release|Any CPU
		{2A3121EE-2747-41F1-92D9-09E03419A23F}.Debug|Any CPU.ActiveCfg = Debug|Any CPU
		{2A3121EE-2747-41F1-92D9-09E03419A23F}.Debug|Any CPU.Build.0 = Debug|Any CPU
		{2A3121EE-2747-41F1-92D9-09E03419A23F}.Release|Any CPU.ActiveCfg = Release|Any CPU
		{2A3121EE-2747-41F1-92D9-09E03419A23F}.Release|Any CPU.Build.0 = Release|Any CPU
		{D18BC8CC-5B95-4CB0-BC85-2C34579AFC5C}.Debug|Any CPU.ActiveCfg = Debug|Any CPU
		{D18BC8CC-5B95-4CB0-BC85-2C34579AFC5C}.Debug|Any CPU.Build.0 = Debug|Any CPU
		{D18BC8CC-5B95-4CB0-BC85-2C34579AFC5C}.Release|Any CPU.ActiveCfg = Release|Any CPU
		{D18BC8CC-5B95-4CB0-BC85-2C34579AFC5C}.Release|Any CPU.Build.0 = Release|Any CPU
		{C0B23B7B-93D4-4B62-B613-E5358391DD92}.Debug|Any CPU.ActiveCfg = Debug|Any CPU
		{C0B23B7B-93D4-4B62-B613-E5358391DD92}.Debug|Any CPU.Build.0 = Debug|Any CPU
		{C0B23B7B-93D4-4B62-B613-E5358391DD92}.Release|Any CPU.ActiveCfg = Release|Any CPU
		{C0B23B7B-93D4-4B62-B613-E5358391DD92}.Release|Any CPU.Build.0 = Release|Any CPU
		{333AD33D-70D5-4628-833A-A87CCB7A80BA}.Debug|Any CPU.ActiveCfg = Debug|Any CPU
		{333AD33D-70D5-4628-833A-A87CCB7A80BA}.Debug|Any CPU.Build.0 = Debug|Any CPU
		{333AD33D-70D5-4628-833A-A87CCB7A80BA}.Release|Any CPU.ActiveCfg = Release|Any CPU
		{333AD33D-70D5-4628-833A-A87CCB7A80BA}.Release|Any CPU.Build.0 = Release|Any CPU
	EndGlobalSection
	GlobalSection(SolutionProperties) = preSolution
		HideSolutionNode = FALSE
	EndGlobalSection
	GlobalSection(NestedProjects) = preSolution
		{C1B0EB54-067F-4F6D-A9B0-EC739EA1A34F} = {DEEB6020-4DBF-4D0F-9057-AA6697F158F7}
		{62EFB24C-059B-4AB3-AD39-CD172D53B45A} = {DEEB6020-4DBF-4D0F-9057-AA6697F158F7}
		{FD677D55-D72B-4489-836D-76395CC6DD21} = {DEEB6020-4DBF-4D0F-9057-AA6697F158F7}
		{E4A444EE-DD8F-4EC7-B408-24373D80AF45} = {DEEB6020-4DBF-4D0F-9057-AA6697F158F7}
		{493D0106-3662-4858-A3D0-6161715A0489} = {0DD8C85E-462E-4A77-BC87-CB8D7DA299C0}
		{2A3121EE-2747-41F1-92D9-09E03419A23F} = {0DD8C85E-462E-4A77-BC87-CB8D7DA299C0}
		{D18BC8CC-5B95-4CB0-BC85-2C34579AFC5C} = {0DD8C85E-462E-4A77-BC87-CB8D7DA299C0}
		{C0B23B7B-93D4-4B62-B613-E5358391DD92} = {0DD8C85E-462E-4A77-BC87-CB8D7DA299C0}
	EndGlobalSection
	GlobalSection(ExtensibilityGlobals) = postSolution
		SolutionGuid = {1421E033-2FBB-4538-96D1-713F760E1E6E}
	EndGlobalSection
EndGlobal
